{
  "name": "RealityBuilder.com",
  "version": "2.0.1-7",
  "lockfileVersion": 2,
  "requires": true,
  "packages": {
    "": {
      "name": "RealityBuilder.com",
      "version": "2.0.1-7",
      "dependencies": {
        "connect-force-domain": "0.1.x",
        "express": "3.3.x",
        "jade": "0.26.x",
        "ntwitter": "0.5.x",
        "stylus": "0.27.x"
      },
      "engines": {
        "node": "0.6.x"
      }
    },
    "node_modules/connect-force-domain": {
      "version": "0.1.3",
      "engines": {
        "node": "*"
      }
    },
    "node_modules/express": {
      "version": "3.3.5",
      "dependencies": {
        "buffer-crc32": "0.2.1",
        "commander": "1.2.0",
        "connect": "2.8.5",
        "cookie": "0.1.0",
        "cookie-signature": "1.0.1",
        "debug": "*",
        "fresh": "0.2.0",
        "methods": "0.0.1",
        "mkdirp": "0.3.5",
        "range-parser": "0.0.4",
        "send": "0.1.4"
      },
      "bin": {
        "express": "bin/express"
      },
      "engines": {
        "node": "*"
      }
    },
    "node_modules/express/node_modules/buffer-crc32": {
      "version": "0.2.1",
      "engines": {
        "node": "*"
      }
    },
    "node_modules/express/node_modules/commander": {
      "version": "1.2.0",
      "dependencies": {
        "keypress": "0.1.x"
      },
      "engines": {
        "node": ">= 0.6.x"
      }
    },
    "node_modules/express/node_modules/commander/node_modules/keypress": {
      "version": "0.1.0",
      "license": "MIT"
    },
    "node_modules/express/node_modules/connect": {
      "version": "2.8.5",
      "dependencies": {
        "buffer-crc32": "0.2.1",
        "bytes": "0.2.0",
        "cookie": "0.1.0",
        "cookie-signature": "1.0.1",
        "debug": "*",
        "formidable": "1.0.14",
        "fresh": "0.2.0",
        "methods": "0.0.1",
        "pause": "0.0.1",
        "qs": "0.6.5",
        "send": "0.1.4",
        "uid2": "0.0.2"
      },
      "engines": {
        "node": ">= 0.8.0"
      }
    },
    "node_modules/express/node_modules/connect/node_modules/bytes": {
      "version": "0.2.0"
    },
    "node_modules/express/node_modules/connect/node_modules/formidable": {
      "version": "1.0.14",
      "engines": {
        "node": ">=0.8.0"
      }
    },
    "node_modules/express/node_modules/connect/node_modules/pause": {
      "version": "0.0.1"
    },
    "node_modules/express/node_modules/connect/node_modules/qs": {
      "version": "0.6.5",
      "engines": {
        "node": "*"
      }
    },
    "node_modules/express/node_modules/connect/node_modules/uid2": {
      "version": "0.0.2"
    },
    "node_modules/express/node_modules/cookie": {
      "version": "0.1.0",
      "engines": {
        "node": "*"
      }
    },
    "node_modules/express/node_modules/cookie-signature": {
      "version": "1.0.1"
    },
    "node_modules/express/node_modules/debug": {
      "version": "0.7.2",
      "engines": {
        "node": "*"
      }
    },
    "node_modules/express/node_modules/fresh": {
      "version": "0.2.0"
    },
    "node_modules/express/node_modules/methods": {
      "version": "0.0.1",
      "license": "MIT"
    },
    "node_modules/express/node_modules/mkdirp": {
      "version": "0.3.5",
      "license": "MIT"
    },
    "node_modules/express/node_modules/range-parser": {
      "version": "0.0.4"
    },
    "node_modules/express/node_modules/send": {
      "version": "0.1.4",
      "dependencies": {
        "debug": "*",
        "fresh": "0.2.0",
        "mime": "~1.2.9",
        "range-parser": "0.0.4"
      }
    },
    "node_modules/express/node_modules/send/node_modules/mime": {
      "version": "1.2.11"
    },
    "node_modules/jade": {
      "version": "0.26.3",
      "dependencies": {
        "commander": "0.6.1",
        "mkdirp": "0.3.0"
      },
      "bin": {
        "jade": "bin/jade"
      }
    },
    "node_modules/jade/node_modules/commander": {
      "version": "0.6.1",
      "engines": {
        "node": ">= 0.4.x"
      }
    },
    "node_modules/jade/node_modules/mkdirp": {
      "version": "0.3.0",
      "license": "MIT/X11",
      "engines": {
        "node": "*"
      }
    },
    "node_modules/ntwitter": {
      "version": "0.5.0",
      "dependencies": {
        "cookies": "0.1.x",
        "keygrip": "0.2.x",
        "oauth": ">=0.8.4"
      },
      "engines": {
        "node": ">=0.4.0"
      }
    },
    "node_modules/ntwitter/node_modules/cookies": {
      "version": "0.1.6",
      "engines": [
        "node"
      ]
    },
    "node_modules/ntwitter/node_modules/keygrip": {
      "version": "0.2.3",
      "hasInstallScript": true,
      "engines": {
        "node": "*"
      }
    },
    "node_modules/ntwitter/node_modules/oauth": {
      "version": "0.9.10"
    },
    "node_modules/stylus": {
      "version": "0.27.2",
      "dependencies": {
        "cssom": "0.2.x",
        "debug": "*",
        "mkdirp": "0.3.x"
      },
      "bin": {
        "stylus": "bin/stylus"
      },
      "engines": {
        "node": "*"
      }
    },
    "node_modules/stylus/node_modules/cssom": {
      "version": "0.2.5",
      "engines": {
        "node": ">=0.2.0"
      }
    },
    "node_modules/stylus/node_modules/debug": {
      "version": "0.7.2",
      "engines": {
        "node": "*"
      }
    },
    "node_modules/stylus/node_modules/mkdirp": {
      "version": "0.3.5",
      "license": "MIT"
    }
  },
  "dependencies": {
    "connect-force-domain": {
      "version": "0.1.3"
    },
    "express": {
      "version": "3.3.5",
      "requires": {
        "buffer-crc32": "0.2.1",
        "commander": "1.2.0",
        "connect": "2.8.5",
        "cookie": "0.1.0",
        "cookie-signature": "1.0.1",
        "debug": "*",
        "fresh": "0.2.0",
        "methods": "0.0.1",
        "mkdirp": "0.3.5",
        "range-parser": "0.0.4",
        "send": "0.1.4"
      },
      "dependencies": {
        "buffer-crc32": {
          "version": "0.2.1"
        },
        "commander": {
          "version": "1.2.0",
          "requires": {
            "keypress": "0.1.x"
          },
          "dependencies": {
            "keypress": {
              "version": "0.1.0"
            }
          }
        },
        "connect": {
          "version": "2.8.5",
          "requires": {
            "buffer-crc32": "0.2.1",
            "bytes": "0.2.0",
            "cookie": "0.1.0",
            "cookie-signature": "1.0.1",
            "debug": "*",
            "formidable": "1.0.14",
            "fresh": "0.2.0",
            "methods": "0.0.1",
            "pause": "0.0.1",
            "qs": "0.6.5",
            "send": "0.1.4",
            "uid2": "0.0.2"
          },
          "dependencies": {
            "bytes": {
              "version": "0.2.0"
            },
            "formidable": {
              "version": "1.0.14"
            },
            "pause": {
              "version": "0.0.1"
            },
            "qs": {
              "version": "0.6.5"
            },
            "uid2": {
              "version": "0.0.2"
            }
          }
        },
        "cookie": {
          "version": "0.1.0"
        },
        "cookie-signature": {
          "version": "1.0.1"
        },
        "debug": {
          "version": "0.7.2"
        },
        "fresh": {
          "version": "0.2.0"
        },
        "methods": {
          "version": "0.0.1"
        },
        "mkdirp": {
          "version": "0.3.5"
        },
        "range-parser": {
          "version": "0.0.4"
        },
        "send": {
          "version": "0.1.4",
          "requires": {
            "debug": "*",
            "fresh": "0.2.0",
            "mime": "~1.2.9",
            "range-parser": "0.0.4"
          },
          "dependencies": {
            "mime": {
              "version": "1.2.11"
            }
          }
        }
      }
    },
    "jade": {
      "version": "0.26.3",
      "requires": {
        "commander": "0.6.1",
        "mkdirp": "0.3.0"
      },
      "dependencies": {
        "commander": {
          "version": "0.6.1"
        },
        "mkdirp": {
          "version": "0.3.0"
        }
      }
    },
    "ntwitter": {
      "version": "0.5.0",
      "requires": {
        "cookies": "0.1.x",
        "keygrip": "0.2.x",
        "oauth": ">=0.8.4"
      },
      "dependencies": {
        "cookies": {
          "version": "0.1.6"
        },
        "keygrip": {
          "version": "0.2.3"
        },
        "oauth": {
          "version": "0.9.10"
        }
      }
    },
    "stylus": {
      "version": "0.27.2",
      "requires": {
        "cssom": "0.2.x",
        "debug": "*",
        "mkdirp": "0.3.x"
      },
      "dependencies": {
        "cssom": {
          "version": "0.2.5"
        },
        "debug": {
          "version": "0.7.2"
        },
        "mkdirp": {
          "version": "0.3.5"
        }
      }
    }
  }
}
